
Microsoft Visual Studio Solution File, Format Version 12.00
# Visual Studio Version 16
VisualStudioVersion = 16.0.30621.155
MinimumVisualStudioVersion = 10.0.40219.1
Project("{FAE04EC0-301F-11D3-BF4B-00C04F79EFBC}") = "EjEntidades", "EjEntidades\EjEntidades.csproj", "{001D2F4A-A891-41B0-B0D3-504942210E1D}"
EndProject
Global
	GlobalSection(SolutionConfigurationPlatforms) = preSolution
		Debug|Any CPU = Debug|Any CPU
		Release|Any CPU = Release|Any CPU
	EndGlobalSection
	GlobalSection(ProjectConfigurationPlatforms) = postSolution
		{001D2F4A-A891-41B0-B0D3-504942210E1D}.Debug|Any CPU.ActiveCfg = Debug|Any CPU
		{001D2F4A-A891-41B0-B0D3-504942210E1D}.Debug|Any CPU.Build.0 = Debug|Any CPU
		{001D2F4A-A891-41B0-B0D3-504942210E1D}.Release|Any CPU.ActiveCfg = Release|Any CPU
		{001D2F4A-A891-41B0-B0D3-504942210E1D}.Release|Any CPU.Build.0 = Release|Any CPU
	EndGlobalSection
	GlobalSection(SolutionProperties) = preSolution
		HideSolutionNode = FALSE
	EndGlobalSection
	GlobalSection(ExtensibilityGlobals) = postSolution
		SolutionGuid = {5FCED0D0-A8F9-4D31-88EF-E0D5C784F977}
	EndGlobalSection
EndGlobal
